{
  "name": "mini-sidenav",
  "version": "0.0.0",
  "lockfileVersion": 1,
  "requires": true,
  "dependencies": {
    "@angular/animations": {
      "version": "4.4.1",
      "resolved": "https://registry.npmjs.org/@angular/animations/-/animations-4.4.1.tgz",
      "integrity": "sha1-V42JUaJz7pWTarf2zZM/8BnOD/4="
    },
    "@angular/cdk": {
      "version": "2.0.0-beta.10",
      "resolved": "https://registry.npmjs.org/@angular/cdk/-/cdk-2.0.0-beta.10.tgz",
      "integrity": "sha512-G0RvzxItfPy8JEdnyV/10GryE3zHehm3bUJ7U9dwYKhAzhye+MX0P6rs8VEmbClJb5SuZDr0ZZ53vbHhHsUh6A=="
    },
    "@angular/cli": {
      "version": "1.2.0",
      "resolved": "https://registry.npmjs.org/@angular/cli/-/cli-1.2.0.tgz",
      "integrity": "sha1-39i4mD7DfCttf5AurWA5bXtXFZc=",
      "dev": true
    },
    "@angular/common": {
      "version": "4.4.1",
      "resolved": "https://registry.npmjs.org/@angular/common/-/common-4.4.1.tgz",
      "integrity": "sha1-0a6izOvd0t+vcTf1V2DUVjitoko="
    },
    "@angular/compiler": {
      "version": "4.4.1",
      "resolved": "https://registry.npmjs.org/@angular/compiler/-/compiler-4.4.1.tgz",
      "integrity": "sha1-7OajM/jlfoGWefKkA0+AdWS5zEA="
    },
    "@angular/compiler-cli": {
      "version": "4.4.1",
      "resolved": "https://registry.npmjs.org/@angular/compiler-cli/-/compiler-cli-4.4.1.tgz",
      "integrity": "sha1-F7O+kD7+HtO7Kx4pFAY0tQD9smU=",
      "dev": true,
      "dependencies": {
        "minimist": {
          "version": "1.2.0",
          "resolved": "https://registry.npmjs.org/minimist/-/minimist-1.2.0.tgz",
          "integrity": "sha1-o1AIsg9BOD7sH7kU9M1d95omQoQ="
        }
      }
    },
    "@angular/core": {
      "version": "4.4.1",
      "resolved": "https://registry.npmjs.org/@angular/core/-/core-4.4.1.tgz",
      "integrity": "sha1-o8W4BFJEhTUlPS6rF7YGAdg8wBI="
    },
    "@angular/flex-layout": {
      "version": "2.0.0-beta.9",
      "resolved": "https://registry.npmjs.org/@angular/flex-layout/-/flex-layout-2.0.0-beta.9.tgz",
      "integrity": "sha1-PlT4mOgF0LFCbRXmE520FdBO518="
    },
    "@angular/forms": {
      "version": "4.4.1",
      "resolved": "https://registry.npmjs.org/@angular/forms/-/forms-4.4.1.tgz",
      "integrity": "sha1-KjZEo/hLlqrSQKxsqnTVK/Otoko="
    },
    "@angular/http": {
      "version": "4.4.1",
      "resolved": "https://registry.npmjs.org/@angular/http/-/http-4.4.1.tgz",
      "integrity": "sha1-kmXRgCZzql9zrBJfmPznr4tfpyw="
    },
    "@angular/language-service": {
      "version": "9.1.11",
      "resolved": "https://registry.npmjs.org/@angular/language-service/-/language-service-9.1.11.tgz",
      "integrity": "sha512-jfm4etbqldj6MTwECwyoAs7tXEAR8K/8P8dBZnsELhY+V8oFidTJI3NY52PB3Ym7leSPorYdOAeUMMuQfPaVxg==",
      "dev": true
    },
    "@angular/material": {
      "version": "2.0.0-beta.10",
      "resolved": "https://registry.npmjs.org/@angular/material/-/material-2.0.0-beta.10.tgz",
      "integrity": "sha512-KAQ2t9wenI55oXkjjT6E4VGUSVu7AZmR+ytnaP96VBFk18wxcGnVaTbQmCvVm/vkbcdeoSF09D6ic94DHAE+1A=="
    },
    "@angular/platform-browser": {
      "version": "4.4.1",
      "resolved": "https://registry.npmjs.org/@angular/platform-browser/-/platform-browser-4.4.1.tgz",
      "integrity": "sha1-zldkAZdvcdRaI8mmGsBc75CnDwA="
    },
    "@angular/platform-browser-dynamic": {
      "version": "4.4.1",
      "resolved": "https://registry.npmjs.org/@angular/platform-browser-dynamic/-/platform-browser-dynamic-4.4.1.tgz",
      "integrity": "sha1-lR3X/bP1oORbxL+ToqfgUd7yTq8="
    },
    "@angular/router": {
      "version": "4.4.1",
      "resolved": "https://registry.npmjs.org/@angular/router/-/router-4.4.1.tgz",
      "integrity": "sha1-0skzyEqPUHd5Lnd4dWHuHnpKGhQ="
    },
    "@types/jasmine": {
      "version": "2.5.54",
      "resolved": "https://registry.npmjs.org/@types/jasmine/-/jasmine-2.5.54.tgz",
      "integrity": "sha512-B9YofFbUljs19g5gBKUYeLIulsh31U5AK70F41BImQRHEZQGm4GcN922UvnYwkduMqbC/NH+9fruWa/zrqvHIg==",
      "dev": true
    },
    "@types/jasminewd2": {
      "version": "2.0.3",
      "resolved": "https://registry.npmjs.org/@types/jasminewd2/-/jasminewd2-2.0.3.tgz",
      "integrity": "sha512-hYDVmQZT5VA2kigd4H4bv7vl/OhlympwREUemqBdOqtrYTo5Ytm12a5W5/nGgGYdanGVxj0x/VhZ7J3hOg/YKg==",
      "dev": true
    },
    "@types/node": {
      "version": "6.0.88",
      "resolved": "https://registry.npmjs.org/@types/node/-/node-6.0.88.tgz",
      "integrity": "sha512-bYDPZTX0/s1aihdjLuAgogUAT5M+TpoWChEMea2p0yOcfn5bu3k6cJb9cp6nw268XeSNIGGr+4+/8V5K6BGzLQ==",
      "dev": true
    },
    "codelyzer": {
      "version": "3.0.1",
      "resolved": "https://registry.npmjs.org/codelyzer/-/codelyzer-3.0.1.tgz",
      "integrity": "sha1-uma3sqpWT+n0XWAEtAA60s8RaCg=",
      "dev": true
    },
    "core-js": {
      "version": "2.5.1",
      "resolved": "https://registry.npmjs.org/core-js/-/core-js-2.5.1.tgz",
      "integrity": "sha1-rmh03GaTd4m4B1T/VCjfZoGcpQs="
    },
    "hammerjs": {
      "version": "2.0.8",
      "resolved": "https://registry.npmjs.org/hammerjs/-/hammerjs-2.0.8.tgz",
      "integrity": "sha1-BO93hiz/K7edMPdpIJWTAiK/YPE="
    },
    "jasmine-core": {
      "version": "2.6.4",
      "resolved": "https://registry.npmjs.org/jasmine-core/-/jasmine-core-2.6.4.tgz",
      "integrity": "sha1-3skmzQqfoof7bbXHVfpIfnTOysU=",
      "dev": true
    },
    "jasmine-spec-reporter": {
      "version": "4.1.1",
      "resolved": "https://registry.npmjs.org/jasmine-spec-reporter/-/jasmine-spec-reporter-4.1.1.tgz",
      "integrity": "sha1-Wm1Yq11hvqcwn7wnkjlRF1axtYg=",
      "dev": true
    },
    "karma": {
      "version": "1.7.1",
      "resolved": "https://registry.npmjs.org/karma/-/karma-1.7.1.tgz",
      "integrity": "sha512-k5pBjHDhmkdaUccnC7gE3mBzZjcxyxYsYVaqiL2G5AqlfLyBO5nw2VdNK+O16cveEPd/gIOWULH7gkiYYwVNHg==",
      "dev": true,
      "dependencies": {
        "lodash": {
          "version": "3.10.1",
          "resolved": "https://registry.npmjs.org/lodash/-/lodash-3.10.1.tgz",
          "integrity": "sha1-W/Rejkm6QYnhfUgnid/RW9FAt7Y="
        },
        "optimist": {
          "version": "0.6.1",
          "resolved": "https://registry.npmjs.org/optimist/-/optimist-0.6.1.tgz",
          "integrity": "sha1-2j6nRob6IaGaERwybpDrFaAZZoY="
        }
      }
    },
    "karma-chrome-launcher": {
      "version": "2.1.1",
      "resolved": "https://registry.npmjs.org/karma-chrome-launcher/-/karma-chrome-launcher-2.1.1.tgz",
      "integrity": "sha1-IWh5xorATY1RQOmWGboEtZr9Rs8=",
      "dev": true
    },
    "karma-cli": {
      "version": "1.0.1",
      "resolved": "https://registry.npmjs.org/karma-cli/-/karma-cli-1.0.1.tgz",
      "integrity": "sha1-rmw8WKMTodALRRZMRVubhs4X+WA=",
      "dev": true
    },
    "karma-coverage-istanbul-reporter": {
      "version": "1.3.0",
      "resolved": "https://registry.npmjs.org/karma-coverage-istanbul-reporter/-/karma-coverage-istanbul-reporter-1.3.0.tgz",
      "integrity": "sha1-0ULNnFVzHJ42Pvc3To7xoxvr+ts=",
      "dev": true
    },
    "karma-jasmine": {
      "version": "1.1.0",
      "resolved": "https://registry.npmjs.org/karma-jasmine/-/karma-jasmine-1.1.0.tgz",
      "integrity": "sha1-IuTAa/mhguUpTR9wXjczgRuBCs8=",
      "dev": true
    },
    "karma-jasmine-html-reporter": {
      "version": "0.2.2",
      "resolved": "https://registry.npmjs.org/karma-jasmine-html-reporter/-/karma-jasmine-html-reporter-0.2.2.tgz",
      "integrity": "sha1-SKjl7xiAdhfuK14zwRlMNbQ5Ukw=",
      "dev": true
    },
    "protractor": {
      "version": "5.1.2",
      "resolved": "https://registry.npmjs.org/protractor/-/protractor-5.1.2.tgz",
      "integrity": "sha1-myIXQXCaTGLVzVPGqt1UpxE36V8=",
      "dev": true,
      "dependencies": {
        "optimist": {
          "version": "0.6.1",
          "resolved": "https://registry.npmjs.org/optimist/-/optimist-0.6.1.tgz",
          "integrity": "sha1-2j6nRob6IaGaERwybpDrFaAZZoY="
        },
        "q": {
          "version": "1.4.1",
          "resolved": "https://registry.npmjs.org/q/-/q-1.4.1.tgz",
          "integrity": "sha1-VXBbzZPF82c1MMLCy8DCs63cKG4="
        },
        "webdriver-manager": {
          "version": "12.0.6",
          "resolved": "https://registry.npmjs.org/webdriver-manager/-/webdriver-manager-12.0.6.tgz",
          "integrity": "sha1-PfGkgZdwELTL+MnYXHpXeCjA5ws=",
          "dependencies": {
            "minimist": {
              "version": "1.2.0",
              "resolved": "https://registry.npmjs.org/minimist/-/minimist-1.2.0.tgz",
              "integrity": "sha1-o1AIsg9BOD7sH7kU9M1d95omQoQ="
            }
          }
        }
      }
    },
    "rxjs": {
      "version": "5.4.3",
      "resolved": "https://registry.npmjs.org/rxjs/-/rxjs-5.4.3.tgz",
      "integrity": "sha512-fSNi+y+P9ss+EZuV0GcIIqPUK07DEaMRUtLJvdcvMyFjc9dizuDjere+A4V7JrLGnm9iCc+nagV/4QdMTkqC4A=="
    },
    "ts-node": {
      "version": "3.0.6",
      "resolved": "https://registry.npmjs.org/ts-node/-/ts-node-3.0.6.tgz",
      "integrity": "sha1-VRJ/95DH7r9rpowebd6UsJqqIeA=",
      "dev": true,
      "dependencies": {
        "minimist": {
          "version": "1.2.0",
          "resolved": "https://registry.npmjs.org/minimist/-/minimist-1.2.0.tgz",
          "integrity": "sha1-o1AIsg9BOD7sH7kU9M1d95omQoQ="
        }
      }
    },
    "tslint": {
      "version": "5.3.2",
      "resolved": "https://registry.npmjs.org/tslint/-/tslint-5.3.2.tgz",
      "integrity": "sha1-5WRZ+wlacwfxA7hAUhdPXju+9u0=",
      "dev": true,
      "dependencies": {
        "optimist": {
          "version": "0.6.1",
          "resolved": "https://registry.npmjs.org/optimist/-/optimist-0.6.1.tgz",
          "integrity": "sha1-2j6nRob6IaGaERwybpDrFaAZZoY="
        }
      }
    },
    "typescript": {
      "version": "2.3.4",
      "resolved": "https://registry.npmjs.org/typescript/-/typescript-2.3.4.tgz",
      "integrity": "sha1-PTgyGCgjHkNPKHUUlZw3qCtin0I=",
      "dev": true
    },
    "zone.js": {
      "version": "0.8.17",
      "resolved": "https://registry.npmjs.org/zone.js/-/zone.js-0.8.17.tgz",
      "integrity": "sha1-TF5RhahX2o2nk9rzkZNxxaNrKgs="
    }
  }
}
